
Microsoft Visual Studio Solution File, Format Version 12.00
# Visual Studio 15
VisualStudioVersion = 15.0.28307.1169
MinimumVisualStudioVersion = 10.0.40219.1
Project("{FAE04EC0-301F-11D3-BF4B-00C04F79EFBC}") = "MazeSimulator", "MazeSimulator\MazeSimulator.csproj", "{46F0E4B5-372B-4554-BCA7-0E25B3FD1285}"
EndProject
Global
	GlobalSection(SolutionConfigurationPlatforms) = preSolution
		Debug|Any CPU = Debug|Any CPU
		Release|Any CPU = Release|Any CPU
	EndGlobalSection
	GlobalSection(ProjectConfigurationPlatforms) = postSolution
		{46F0E4B5-372B-4554-BCA7-0E25B3FD1285}.Debug|Any CPU.ActiveCfg = Debug|Any CPU
		{46F0E4B5-372B-4554-BCA7-0E25B3FD1285}.Debug|Any CPU.Build.0 = Debug|Any CPU
		{46F0E4B5-372B-4554-BCA7-0E25B3FD1285}.Release|Any CPU.ActiveCfg = Release|Any CPU
		{46F0E4B5-372B-4554-BCA7-0E25B3FD1285}.Release|Any CPU.Build.0 = Release|Any CPU
	EndGlobalSection
	GlobalSection(SolutionProperties) = preSolution
		HideSolutionNode = FALSE
	EndGlobalSection
	GlobalSection(ExtensibilityGlobals) = postSolution
		SolutionGuid = {3400FD97-3AD3-4725-8F29-D68CBCDE4A95}
	EndGlobalSection
EndGlobal
